
Microsoft Visual Studio Solution File, Format Version 12.00
# Visual Studio 2017
Project("{FAE04EC0-301F-11D3-BF4B-00C04F79EFBC}") = "PMIITP", "PMIITP.csproj", "{0665D6F5-1A57-60BE-66B2-77C56097AC12}"
EndProject
Project("{FAE04EC0-301F-11D3-BF4B-00C04F79EFBC}") = "PMIITP.Editor", "PMIITP.Editor.csproj", "{251BBCC0-66DB-2255-02C5-B9A99C644C8D}"
EndProject
Global
	GlobalSection(SolutionConfigurationPlatforms) = preSolution
		Debug|Any CPU = Debug|Any CPU
		Release|Any CPU = Release|Any CPU
	EndGlobalSection
	GlobalSection(ProjectConfigurationPlatforms) = postSolution
		{0665D6F5-1A57-60BE-66B2-77C56097AC12}.Debug|Any CPU.ActiveCfg = Debug|Any CPU
		{0665D6F5-1A57-60BE-66B2-77C56097AC12}.Debug|Any CPU.Build.0 = Debug|Any CPU
		{0665D6F5-1A57-60BE-66B2-77C56097AC12}.Release|Any CPU.ActiveCfg = Release|Any CPU
		{0665D6F5-1A57-60BE-66B2-77C56097AC12}.Release|Any CPU.Build.0 = Release|Any CPU
		{251BBCC0-66DB-2255-02C5-B9A99C644C8D}.Debug|Any CPU.ActiveCfg = Debug|Any CPU
		{251BBCC0-66DB-2255-02C5-B9A99C644C8D}.Debug|Any CPU.Build.0 = Debug|Any CPU
		{251BBCC0-66DB-2255-02C5-B9A99C644C8D}.Release|Any CPU.ActiveCfg = Release|Any CPU
		{251BBCC0-66DB-2255-02C5-B9A99C644C8D}.Release|Any CPU.Build.0 = Release|Any CPU
	EndGlobalSection
	GlobalSection(SolutionProperties) = preSolution
		HideSolutionNode = FALSE
	EndGlobalSection
EndGlobal
